
Microsoft Visual Studio Solution File, Format Version 12.00
# Visual Studio 15
VisualStudioVersion = 15.0.26124.0
MinimumVisualStudioVersion = 15.0.26124.0
Project("{FAE04EC0-301F-11D3-BF4B-00C04F79EFBC}") = "Module_SME", "SME\Module_SME.csproj", "{BE0709F2-9B6F-44E0-AE57-16C73BA28746}"
EndProject
Project("{FAE04EC0-301F-11D3-BF4B-00C04F79EFBC}") = "SME.Tests", "SME.Tests\SME.Tests.csproj", "{04FB09F8-1E34-4EB7-A4E6-A90AC0E0DFCA}"
EndProject
Global
	GlobalSection(SolutionConfigurationPlatforms) = preSolution
		Debug|Any CPU = Debug|Any CPU
		Debug|x64 = Debug|x64
		Debug|x86 = Debug|x86
		Release|Any CPU = Release|Any CPU
		Release|x64 = Release|x64
		Release|x86 = Release|x86
	EndGlobalSection
	GlobalSection(SolutionProperties) = preSolution
		HideSolutionNode = FALSE
	EndGlobalSection
	GlobalSection(ProjectConfigurationPlatforms) = postSolution
		{BE0709F2-9B6F-44E0-AE57-16C73BA28746}.Debug|Any CPU.ActiveCfg = Debug|Any CPU
		{BE0709F2-9B6F-44E0-AE57-16C73BA28746}.Debug|Any CPU.Build.0 = Debug|Any CPU
		{BE0709F2-9B6F-44E0-AE57-16C73BA28746}.Debug|x64.ActiveCfg = Debug|Any CPU
		{BE0709F2-9B6F-44E0-AE57-16C73BA28746}.Debug|x64.Build.0 = Debug|Any CPU
		{BE0709F2-9B6F-44E0-AE57-16C73BA28746}.Debug|x86.ActiveCfg = Debug|Any CPU
		{BE0709F2-9B6F-44E0-AE57-16C73BA28746}.Debug|x86.Build.0 = Debug|Any CPU
		{BE0709F2-9B6F-44E0-AE57-16C73BA28746}.Release|Any CPU.ActiveCfg = Release|Any CPU
		{BE0709F2-9B6F-44E0-AE57-16C73BA28746}.Release|Any CPU.Build.0 = Release|Any CPU
		{BE0709F2-9B6F-44E0-AE57-16C73BA28746}.Release|x64.ActiveCfg = Release|Any CPU
		{BE0709F2-9B6F-44E0-AE57-16C73BA28746}.Release|x64.Build.0 = Release|Any CPU
		{BE0709F2-9B6F-44E0-AE57-16C73BA28746}.Release|x86.ActiveCfg = Release|Any CPU
		{BE0709F2-9B6F-44E0-AE57-16C73BA28746}.Release|x86.Build.0 = Release|Any CPU
		{04FB09F8-1E34-4EB7-A4E6-A90AC0E0DFCA}.Debug|Any CPU.ActiveCfg = Debug|Any CPU
		{04FB09F8-1E34-4EB7-A4E6-A90AC0E0DFCA}.Debug|Any CPU.Build.0 = Debug|Any CPU
		{04FB09F8-1E34-4EB7-A4E6-A90AC0E0DFCA}.Debug|x64.ActiveCfg = Debug|Any CPU
		{04FB09F8-1E34-4EB7-A4E6-A90AC0E0DFCA}.Debug|x64.Build.0 = Debug|Any CPU
		{04FB09F8-1E34-4EB7-A4E6-A90AC0E0DFCA}.Debug|x86.ActiveCfg = Debug|Any CPU
		{04FB09F8-1E34-4EB7-A4E6-A90AC0E0DFCA}.Debug|x86.Build.0 = Debug|Any CPU
		{04FB09F8-1E34-4EB7-A4E6-A90AC0E0DFCA}.Release|Any CPU.ActiveCfg = Release|Any CPU
		{04FB09F8-1E34-4EB7-A4E6-A90AC0E0DFCA}.Release|Any CPU.Build.0 = Release|Any CPU
		{04FB09F8-1E34-4EB7-A4E6-A90AC0E0DFCA}.Release|x64.ActiveCfg = Release|Any CPU
		{04FB09F8-1E34-4EB7-A4E6-A90AC0E0DFCA}.Release|x64.Build.0 = Release|Any CPU
		{04FB09F8-1E34-4EB7-A4E6-A90AC0E0DFCA}.Release|x86.ActiveCfg = Release|Any CPU
		{04FB09F8-1E34-4EB7-A4E6-A90AC0E0DFCA}.Release|x86.Build.0 = Release|Any CPU
	EndGlobalSection
EndGlobal
